
Microsoft Visual Studio Solution File, Format Version 12.00
# Visual Studio Version 16
VisualStudioVersion = 16.0.28803.156
MinimumVisualStudioVersion = 10.0.40219.1
Project("{FAE04EC0-301F-11D3-BF4B-00C04F79EFBC}") = "resources-demo", "resources-demo\resources-demo.csproj", "{DC9A98D0-92B0-48EB-8594-617414A11AC7}"
EndProject
Global
	GlobalSection(SolutionConfigurationPlatforms) = preSolution
		Debug|Any CPU = Debug|Any CPU
		Release|Any CPU = Release|Any CPU
	EndGlobalSection
	GlobalSection(ProjectConfigurationPlatforms) = postSolution
		{DC9A98D0-92B0-48EB-8594-617414A11AC7}.Debug|Any CPU.ActiveCfg = Debug|Any CPU
		{DC9A98D0-92B0-48EB-8594-617414A11AC7}.Debug|Any CPU.Build.0 = Debug|Any CPU
		{DC9A98D0-92B0-48EB-8594-617414A11AC7}.Release|Any CPU.ActiveCfg = Release|Any CPU
		{DC9A98D0-92B0-48EB-8594-617414A11AC7}.Release|Any CPU.Build.0 = Release|Any CPU
	EndGlobalSection
	GlobalSection(SolutionProperties) = preSolution
		HideSolutionNode = FALSE
	EndGlobalSection
	GlobalSection(ExtensibilityGlobals) = postSolution
		SolutionGuid = {F81EA995-7D69-4E0C-A2DB-7E2F5A5AF64A}
	EndGlobalSection
EndGlobal
